
Microsoft Visual Studio Solution File, Format Version 12.00
# Visual Studio Version 17
VisualStudioVersion = 17.3.32804.467
MinimumVisualStudioVersion = 10.0.40219.1
Project("{FAE04EC0-301F-11D3-BF4B-00C04F79EFBC}") = "PBanco", "PBanco\PBanco.csproj", "{5D57D61C-29C2-45DD-9DA1-795567D22108}"
EndProject
Global
	GlobalSection(SolutionConfigurationPlatforms) = preSolution
		Debug|Any CPU = Debug|Any CPU
		Release|Any CPU = Release|Any CPU
	EndGlobalSection
	GlobalSection(ProjectConfigurationPlatforms) = postSolution
		{5D57D61C-29C2-45DD-9DA1-795567D22108}.Debug|Any CPU.ActiveCfg = Debug|Any CPU
		{5D57D61C-29C2-45DD-9DA1-795567D22108}.Debug|Any CPU.Build.0 = Debug|Any CPU
		{5D57D61C-29C2-45DD-9DA1-795567D22108}.Release|Any CPU.ActiveCfg = Release|Any CPU
		{5D57D61C-29C2-45DD-9DA1-795567D22108}.Release|Any CPU.Build.0 = Release|Any CPU
	EndGlobalSection
	GlobalSection(SolutionProperties) = preSolution
		HideSolutionNode = FALSE
	EndGlobalSection
	GlobalSection(ExtensibilityGlobals) = postSolution
		SolutionGuid = {1C28C4CC-7FCA-46FA-9BE4-9A7AC16B4D40}
	EndGlobalSection
EndGlobal
